{
  "version": 4,
  "terraform_version": "1.12.2",
  "serial": 15,
  "lineage": "81906f09-8f7e-14ef-7b79-cca05e77ecae",
  "outputs": {
    "service_name": {
      "value": "service-2",
      "type": "string"
    },
    "service_port": {
      "value": 80,
      "type": "number"
    }
  },
  "resources": [
    {
      "mode": "data",
      "type": "terraform_remote_state",
      "name": "cluster",
      "provider": "provider[\"terraform.io/builtin/terraform\"]",
      "instances": [
        {
          "schema_version": 0,
          "attributes": {
            "backend": "local",
            "config": {
              "value": {
                "path": "../cluster/states/cluster-us-east-1-dev.tfstate"
              },
              "type": [
                "object",
                {
                  "path": "string"
                }
              ]
            },
            "defaults": null,
            "outputs": {
              "value": {
                "cluster_endpoint": "https://127.0.0.1:38015",
                "cluster_name": "cluster-us-east-1-dev",
                "kubernetes_client_certificate": "-----BEGIN CERTIFICATE-----\nMIIDITCCAgmgAwIBAgIIXFNJnE8xA6cwDQYJKoZIhvcNAQELBQAwFTETMBEGA1UE\nAxMKa3ViZXJuZXRlczAeFw0yNTEwMDQxNDIxNDlaFw0yNjEwMDQxNDIxNTBaMDQx\nFzAVBgNVBAoTDnN5c3RlbTptYXN0ZXJzMRkwFwYDVQQDExBrdWJlcm5ldGVzLWFk\nbWluMIIBIjANBgkqhkiG9w0BAQEFAAOCAQ8AMIIBCgKCAQEAkwvfEdqCCLODgqnH\n3eHim3ohHFKtSq5lxfRCwQRQFnoAHHadER/303ORoLyuQFpSYyllqmvP6MH9t3cZ\nH6kg+RAEP64KaxaDAlwrQHyASdiibfFioVxG7xAxG+Tm0ehovOHFdogOnIG/fDgh\nLHxN7PkooGmQqKRlzH+5RognrlPzyYEOqqmWLpHalBK16aKH0H1gxRWBBPZj9ZCO\ngks9ZcadT2RBzjyuMBV1hTGxwrxRGMFTX2NgL+MyiiJIG3Qb2LI42GkX6zIzakZZ\nrwnEp94/w7frGzXDbh3X99+KMdKjtEDRWE4I+VPyciMO/o1cz3BGamYFZRTCu+4d\nuf2cZQIDAQABo1YwVDAOBgNVHQ8BAf8EBAMCBaAwEwYDVR0lBAwwCgYIKwYBBQUH\nAwIwDAYDVR0TAQH/BAIwADAfBgNVHSMEGDAWgBQ569OFY2KqRqxW1DxW14ePN8p4\nHjANBgkqhkiG9w0BAQsFAAOCAQEACb1KQUxiUpOIs+iYt4/4q8Uu9fhrKj1O58YZ\nbx9BBNJCAch/8pounIt6bSxQ90/Uah24pJiVCaCBoaqwAFE3c9OPANw9VOS2NuKo\nyuZgN8pvG5W2o568o+nMPxZXqWqtdq1YiXsdVm5rDkQQRVcIb1gwZ4rPCX7Y7SpL\nnJ+VaIzbWL40ikoql+usuj1sHu3dvsTb/ixkIVmzGiEhdok7k3LCf4uizkeBShIW\nDSH0oQBK/VOmvcxnymFZJ8Q2DcWSK0at+ii7BfrjqTXJQUExTe6+JVsjkMVYKhpT\nktNfFLj00XnkHofUvIuyChH6j4ks3vN+1Zt+OlsEXZTxgQVuhw==\n-----END CERTIFICATE-----\n",
                "kubernetes_client_key": "-----BEGIN RSA PRIVATE KEY-----\nMIIEpAIBAAKCAQEAkwvfEdqCCLODgqnH3eHim3ohHFKtSq5lxfRCwQRQFnoAHHad\nER/303ORoLyuQFpSYyllqmvP6MH9t3cZH6kg+RAEP64KaxaDAlwrQHyASdiibfFi\noVxG7xAxG+Tm0ehovOHFdogOnIG/fDghLHxN7PkooGmQqKRlzH+5RognrlPzyYEO\nqqmWLpHalBK16aKH0H1gxRWBBPZj9ZCOgks9ZcadT2RBzjyuMBV1hTGxwrxRGMFT\nX2NgL+MyiiJIG3Qb2LI42GkX6zIzakZZrwnEp94/w7frGzXDbh3X99+KMdKjtEDR\nWE4I+VPyciMO/o1cz3BGamYFZRTCu+4duf2cZQIDAQABAoIBAB6sgEjyIuP7xngw\nQIAZibLTJCsLWBjXDmXf0TkAVFCL/I/zckpLN+BFIGC+Wz8TWFJVJV8KhGFSbkGi\nN3xyRG2QGMLL5GJ4XLXWUjNuhThiV2fFzcRJQobGAuiFtFyfNZIJKq7SLPIa4r3f\n25OzDnJbe00TGFkFijLBhf2fk1961NHIPJl6ZXh1UPV0pI+XiDDfBpGLS/KyGaSI\nQ++JGBdfNN/fK8lGUkp9a3UtFIzOA6UTVSGX2Bgz0S6Q5N7SWa02ac2L9AB4/l9s\nyJd0XS3dAa5MKLRUYyg/NZxVk0x+uV21fj5JsMD4Gt7WXM5ZCly+THJ/3KPDbN9Q\nKuxTz4ECgYEAw9n9GBolCdRoCOAtyq9N18JzMA3E4ZncP+/eUe6s/vuGPkuse56b\nkPDIbMFuj19fe7rrXPo7nAQ3dXb2AzVcEy2bzjgsRzh83AwIaptii1nHYcvIMkqv\nlNxUDInsLTHEVKDiRQfa/prxb3buUp8lea07aG2S28fjOg5VllvXayECgYEAwDTH\n8wMQOYflSzMkrgcTnqarZGhB24wFZ6qnPF/XQIW3cZbKCccZn2njg/gXN9ma9Qe3\nZe1d9uqjTgYeoOws9b6ngORBDkKsEy4FKDRi/nbjqR5iJ7MMTjRD0H52mbBqLhw1\n5TWnbzadKewu/mLt21kF79F81YrXTR3H+bd+rMUCgYBfg/61NHr/0kFyorJyeRCD\nu2el9fEg/YK3A+rvFnH0YQLVet6B45aHF4cH00ZyUdclZsHGtJtBuaS6euv8IJfp\nGoM0DZ06lsf+ITgxldp3j693eIUIUfhTpyiufM1cNTtE8rmnZO9e4H4DGIOec9M5\nBk1E3ruSyGd/NuJy1BO5QQKBgQCjicU/PbIGYVx1eZSSBi9pZAKcsiCm/yJyLD+T\nHTD3E08cdOJ/I0rn2p7c4LBQsvQn3GLtdOPofYhpkMdqwMkYZxn6jzvTOGNVBmkY\n5kn8nYfjk5iMksm7mLjCo3eiGPqfNR2eYuKNu/hJfU4W4HHlmn90p9gBkdrTIK3Q\nCZLcyQKBgQDAmEcxvZEx6t2Y5Ids3YIFP2VmOcsD+LLLGbdYRUvtSiEVOt6JIW34\nk/YCQZfQ1QA6AZ3DWtERJglruBkBEgSElVrBkPeFpUxzZnT595Uwc/o3hPryVGS4\nhHsLn8l+J1LgZrR+e+7YNcYsSMb26W+WkkvnUzdYMTH7Y11aOS6eGg==\n-----END RSA PRIVATE KEY-----\n",
                "kubernetes_cluster_ca_certificate": "-----BEGIN CERTIFICATE-----\nMIIC/jCCAeagAwIBAgIBADANBgkqhkiG9w0BAQsFADAVMRMwEQYDVQQDEwprdWJl\ncm5ldGVzMB4XDTI1MTAwNDE0MjE0OVoXDTM1MTAwMjE0MjE0OVowFTETMBEGA1UE\nAxMKa3ViZXJuZXRlczCCASIwDQYJKoZIhvcNAQEBBQADggEPADCCAQoCggEBAMEn\nqGfV+yi5m8wiju+WHZPko6hcfqrBFil2OT4heImGAUMDXyNSvQSZVW3L2VEy1ii7\nmPd4OqsnzUTmkef3a35DT0tRd030W3qEWdrUpT3xf2tT2DxI+qJFmn9vbmCyrJYw\nwt1uQ3VWIrG0kzOBCarCckgRf/9iUwVQK3qG3n6GbwnGherGuemzRvMEwbcVCJzj\nXgnLk5RiiGczzWn4O+8kdMYmT6G9fOUwONZDQvQ1EvrV3VR2nqDJP/YQQ9E9fuh3\nRGKcPK0LvruKl4XXWfutWV6QC32r7ROLcJuHZh3JOu5gvr9xXUjXGOoTflY84VLz\ndwl3PuiZOePIZ9Z3MlkCAwEAAaNZMFcwDgYDVR0PAQH/BAQDAgKkMA8GA1UdEwEB\n/wQFMAMBAf8wHQYDVR0OBBYEFDnr04VjYqpGrFbUPFbXh483yngeMBUGA1UdEQQO\nMAyCCmt1YmVybmV0ZXMwDQYJKoZIhvcNAQELBQADggEBAHiCGCsWex3E8RG1lLdy\n4tjlyC+j0roZQEIPrTT4kOxMX4YXNRCJ1Zfr5iyhnbcAErxZZnQ5OUnYcQVvrzg+\nfrEdqiLdzZ4tZEQ1aSSpYHDIZ9zaTvQB9rc02N7o16EsaC+W+4YNHLQBdPA89CK0\n43K3/3Zz+rEao2MUatdgaPCQCMhTR2wPF9mcof2IJiUAQ6MFZ9FvfImLv7x9zTKu\nK3Wvac0QpNDhTU+5ZSzNoNmhuleX3z1kgbgUKZLr2X0l6NC7LZVt8Tmvegnt7EKv\n+9eqDIT1X4cpIOdbN4lgY10h5VS1oDlhDpCA5RZDw8uuQwT8VZLdDvP6dFy1Xg/B\nZsU=\n-----END CERTIFICATE-----\n",
                "kubernetes_host": "https://127.0.0.1:38015",
                "namespace_name": "app-dev",
                "region": "us-east-1",
                "stage": "dev"
              },
              "type": [
                "object",
                {
                  "cluster_endpoint": "string",
                  "cluster_name": "string",
                  "kubernetes_client_certificate": "string",
                  "kubernetes_client_key": "string",
                  "kubernetes_cluster_ca_certificate": "string",
                  "kubernetes_host": "string",
                  "namespace_name": "string",
                  "region": "string",
                  "stage": "string"
                }
              ]
            },
            "workspace": null
          },
          "sensitive_attributes": [],
          "identity_schema_version": 0
        }
      ]
    },
    {
      "mode": "data",
      "type": "terraform_remote_state",
      "name": "postgres",
      "provider": "provider[\"terraform.io/builtin/terraform\"]",
      "instances": [
        {
          "schema_version": 0,
          "attributes": {
            "backend": "local",
            "config": {
              "value": {
                "path": "../postgres/states/postgres-us-east-1-dev.tfstate"
              },
              "type": [
                "object",
                {
                  "path": "string"
                }
              ]
            },
            "defaults": null,
            "outputs": {
              "value": {
                "database_host": "postgres-service.app-dev.svc.cluster.local",
                "service_name": "postgres-service",
                "service_port": 5432
              },
              "type": [
                "object",
                {
                  "database_host": "string",
                  "service_name": "string",
                  "service_port": "number"
                }
              ]
            },
            "workspace": null
          },
          "sensitive_attributes": [],
          "identity_schema_version": 0
        }
      ]
    },
    {
      "module": "module.service_2",
      "mode": "managed",
      "type": "kubernetes_config_map",
      "name": "service_config",
      "provider": "provider[\"registry.terraform.io/hashicorp/kubernetes\"]",
      "instances": [
        {
          "schema_version": 0,
          "attributes": {
            "binary_data": null,
            "data": {
              "DATABASE_HOST": "postgres-service.app-dev.svc.cluster.local",
              "DATABASE_NAME": "appdb",
              "DATABASE_PORT": "5432",
              "REGION": "us-east-1",
              "STAGE": "dev"
            },
            "id": "app-dev/service-2-config",
            "immutable": false,
            "metadata": [
              {
                "annotations": null,
                "generate_name": "",
                "generation": 0,
                "labels": null,
                "name": "service-2-config",
                "namespace": "app-dev",
                "resource_version": "711",
                "uid": "dc978c8f-4be3-47de-a658-1cf12ad6cdb5"
              }
            ]
          },
          "sensitive_attributes": [],
          "identity_schema_version": 1,
          "identity": {
            "api_version": "v1",
            "kind": "ConfigMap",
            "name": "service-2-config",
            "namespace": "app-dev"
          },
          "private": "bnVsbA==",
          "dependencies": [
            "data.terraform_remote_state.cluster",
            "data.terraform_remote_state.postgres"
          ]
        }
      ]
    },
    {
      "module": "module.service_2",
      "mode": "managed",
      "type": "kubernetes_deployment",
      "name": "service_2",
      "provider": "provider[\"registry.terraform.io/hashicorp/kubernetes\"]",
      "instances": [
        {
          "schema_version": 1,
          "attributes": {
            "id": "app-dev/service-2",
            "metadata": [
              {
                "annotations": null,
                "generate_name": "",
                "generation": 1,
                "labels": {
                  "app": "service-2",
                  "region": "us-east-1",
                  "service": "api",
                  "stage": "dev"
                },
                "name": "service-2",
                "namespace": "app-dev",
                "resource_version": "760",
                "uid": "1fec8755-c1a0-4576-92f4-c80ab6ebb62f"
              }
            ],
            "spec": [
              {
                "min_ready_seconds": 0,
                "paused": false,
                "progress_deadline_seconds": 600,
                "replicas": "2",
                "revision_history_limit": 10,
                "selector": [
                  {
                    "match_expressions": [],
                    "match_labels": {
                      "app": "service-2"
                    }
                  }
                ],
                "strategy": [
                  {
                    "rolling_update": [
                      {
                        "max_surge": "25%",
                        "max_unavailable": "25%"
                      }
                    ],
                    "type": "RollingUpdate"
                  }
                ],
                "template": [
                  {
                    "metadata": [
                      {
                        "annotations": null,
                        "generate_name": "",
                        "generation": 0,
                        "labels": {
                          "app": "service-2",
                          "region": "us-east-1",
                          "service": "api",
                          "stage": "dev"
                        },
                        "name": "",
                        "namespace": "",
                        "resource_version": "",
                        "uid": ""
                      }
                    ],
                    "spec": [
                      {
                        "active_deadline_seconds": 0,
                        "affinity": [],
                        "automount_service_account_token": true,
                        "container": [
                          {
                            "args": null,
                            "command": null,
                            "env": [],
                            "env_from": [
                              {
                                "config_map_ref": [
                                  {
                                    "name": "service-2-config",
                                    "optional": false
                                  }
                                ],
                                "prefix": "",
                                "secret_ref": []
                              }
                            ],
                            "image": "httpd:latest",
                            "image_pull_policy": "Always",
                            "lifecycle": [],
                            "liveness_probe": [],
                            "name": "service-2",
                            "port": [
                              {
                                "container_port": 80,
                                "host_ip": "",
                                "host_port": 0,
                                "name": "",
                                "protocol": "TCP"
                              }
                            ],
                            "readiness_probe": [],
                            "resources": [
                              {
                                "limits": {
                                  "cpu": "250m",
                                  "memory": "256Mi"
                                },
                                "requests": {
                                  "cpu": "100m",
                                  "memory": "128Mi"
                                }
                              }
                            ],
                            "security_context": [],
                            "startup_probe": [],
                            "stdin": false,
                            "stdin_once": false,
                            "termination_message_path": "/dev/termination-log",
                            "termination_message_policy": "File",
                            "tty": false,
                            "volume_device": [],
                            "volume_mount": [],
                            "working_dir": ""
                          }
                        ],
                        "dns_config": [],
                        "dns_policy": "ClusterFirst",
                        "enable_service_links": true,
                        "host_aliases": [],
                        "host_ipc": false,
                        "host_network": false,
                        "host_pid": false,
                        "hostname": "",
                        "image_pull_secrets": [],
                        "init_container": [],
                        "node_name": "",
                        "node_selector": null,
                        "os": [],
                        "priority_class_name": "",
                        "readiness_gate": [],
                        "restart_policy": "Always",
                        "runtime_class_name": "",
                        "scheduler_name": "default-scheduler",
                        "security_context": [],
                        "service_account_name": "",
                        "share_process_namespace": false,
                        "subdomain": "",
                        "termination_grace_period_seconds": 30,
                        "toleration": [],
                        "topology_spread_constraint": [],
                        "volume": []
                      }
                    ]
                  }
                ]
              }
            ],
            "timeouts": null,
            "wait_for_rollout": true
          },
          "sensitive_attributes": [],
          "identity_schema_version": 1,
          "identity": {
            "api_version": "apps/v1",
            "kind": "Deployment",
            "name": "service-2",
            "namespace": "app-dev"
          },
          "private": "eyJlMmJmYjczMC1lY2FhLTExZTYtOGY4OC0zNDM2M2JjN2M0YzAiOnsiY3JlYXRlIjo2MDAwMDAwMDAwMDAsImRlbGV0ZSI6NjAwMDAwMDAwMDAwLCJ1cGRhdGUiOjYwMDAwMDAwMDAwMH0sInNjaGVtYV92ZXJzaW9uIjoiMSJ9",
          "dependencies": [
            "data.terraform_remote_state.cluster",
            "data.terraform_remote_state.postgres",
            "module.service_2.kubernetes_config_map.service_config"
          ]
        }
      ]
    },
    {
      "module": "module.service_2",
      "mode": "managed",
      "type": "kubernetes_service",
      "name": "service_2",
      "provider": "provider[\"registry.terraform.io/hashicorp/kubernetes\"]",
      "instances": [
        {
          "schema_version": 1,
          "attributes": {
            "id": "app-dev/service-2",
            "metadata": [
              {
                "annotations": null,
                "generate_name": "",
                "generation": 0,
                "labels": {
                  "app": "service-2",
                  "region": "us-east-1",
                  "service": "api",
                  "stage": "dev"
                },
                "name": "service-2",
                "namespace": "app-dev",
                "resource_version": "712",
                "uid": "1933b14b-c8e6-4e1d-87d2-8c8096f495e2"
              }
            ],
            "spec": [
              {
                "allocate_load_balancer_node_ports": true,
                "cluster_ip": "10.96.185.210",
                "cluster_ips": [
                  "10.96.185.210"
                ],
                "external_ips": null,
                "external_name": "",
                "external_traffic_policy": "",
                "health_check_node_port": 0,
                "internal_traffic_policy": "Cluster",
                "ip_families": [
                  "IPv4"
                ],
                "ip_family_policy": "SingleStack",
                "load_balancer_class": "",
                "load_balancer_ip": "",
                "load_balancer_source_ranges": null,
                "port": [
                  {
                    "app_protocol": "",
                    "name": "",
                    "node_port": 0,
                    "port": 80,
                    "protocol": "TCP",
                    "target_port": "80"
                  }
                ],
                "publish_not_ready_addresses": false,
                "selector": {
                  "app": "service-2"
                },
                "session_affinity": "None",
                "session_affinity_config": [],
                "type": "ClusterIP"
              }
            ],
            "status": [
              {
                "load_balancer": [
                  {
                    "ingress": []
                  }
                ]
              }
            ],
            "timeouts": null,
            "wait_for_load_balancer": true
          },
          "sensitive_attributes": [],
          "identity_schema_version": 1,
          "identity": {
            "api_version": "v1",
            "kind": "Service",
            "name": "service-2",
            "namespace": "app-dev"
          },
          "private": "eyJlMmJmYjczMC1lY2FhLTExZTYtOGY4OC0zNDM2M2JjN2M0YzAiOnsiY3JlYXRlIjo2MDAwMDAwMDAwMDB9LCJzY2hlbWFfdmVyc2lvbiI6IjEifQ==",
          "dependencies": [
            "data.terraform_remote_state.cluster"
          ]
        }
      ]
    }
  ],
  "check_results": null
}
